// !$*UTF8*$!
{
	archiveVersion = 1;
	classes = {
	};
	objectVersion = 56;
	objects = {

/* Begin PBXBuildFile section */
		A10000000000000000000001 /* IPhoneRecorderApp.swift in Sources */ = {isa = PBXBuildFile; fileRef = A20000000000000000000001 /* IPhoneRecorderApp.swift */; };
		A10000000000000000000002 /* ContentView.swift in Sources */ = {isa = PBXBuildFile; fileRef = A20000000000000000000002 /* ContentView.swift */; };
		A10000000000000000000003 /* CameraPreviewView.swift in Sources */ = {isa = PBXBuildFile; fileRef = A20000000000000000000003 /* CameraPreviewView.swift */; };
		A10000000000000000000004 /* RecordingCoordinator.swift in Sources */ = {isa = PBXBuildFile; fileRef = A20000000000000000000004 /* RecordingCoordinator.swift */; };
		A10000000000000000000005 /* CameraRecorder.swift in Sources */ = {isa = PBXBuildFile; fileRef = A20000000000000000000005 /* CameraRecorder.swift */; };
		A10000000000000000000006 /* CaptureCommandServer.swift in Sources */ = {isa = PBXBuildFile; fileRef = A20000000000000000000006 /* CaptureCommandServer.swift */; };
		A10000000000000000000007 /* WatchSessionBridge.swift in Sources */ = {isa = PBXBuildFile; fileRef = A20000000000000000000007 /* WatchSessionBridge.swift */; };
		A10000000000000000000008 /* CaptureCommand.swift in Sources */ = {isa = PBXBuildFile; fileRef = A20000000000000000000008 /* CaptureCommand.swift */; };
		A10000000000000000000009 /* WatchRecorderApp.swift in Sources */ = {isa = PBXBuildFile; fileRef = A20000000000000000000011 /* WatchRecorderApp.swift */; };
		A1000000000000000000000A /* WatchRecorderView.swift in Sources */ = {isa = PBXBuildFile; fileRef = A20000000000000000000012 /* WatchRecorderView.swift */; };
		A1000000000000000000000B /* WatchConnectivityController.swift in Sources */ = {isa = PBXBuildFile; fileRef = A20000000000000000000013 /* WatchConnectivityController.swift */; };
		A1000000000000000000000C /* WatchIMURecorder.swift in Sources */ = {isa = PBXBuildFile; fileRef = A20000000000000000000014 /* WatchIMURecorder.swift */; };
		A1000000000000000000000D /* WatchIMUCSV.swift in Sources */ = {isa = PBXBuildFile; fileRef = A2000000000000000000000B /* WatchIMUCSV.swift */; };
		A1000000000000000000000E /* WatchRecorderApp.app in Embed Watch Content */ = {isa = PBXBuildFile; fileRef = A20000000000000000000015 /* WatchRecorderApp.app */; settings = {ATTRIBUTES = (RemoveHeadersOnCopy, ); }; };
/* End PBXBuildFile section */

/* Begin PBXContainerItemProxy section */
		A51000000000000000000001 /* PBXContainerItemProxy */ = {
			isa = PBXContainerItemProxy;
			containerPortal = A60000000000000000000001 /* Project object */;
			proxyType = 1;
			remoteGlobalIDString = A50000000000000000000002;
			remoteInfo = WatchRecorderApp;
		};
/* End PBXContainerItemProxy section */

/* Begin PBXCopyFilesBuildPhase section */
		A81000000000000000000001 /* Embed Watch Content */ = {
			isa = PBXCopyFilesBuildPhase;
			buildActionMask = 2147483647;
			dstPath = "$(CONTENTS_FOLDER_PATH)/Watch";
			dstSubfolderSpec = 16;
			files = (
				A1000000000000000000000E /* WatchRecorderApp.app in Embed Watch Content */,
			);
			name = "Embed Watch Content";
			runOnlyForDeploymentPostprocessing = 0;
		};
/* End PBXCopyFilesBuildPhase section */

/* Begin PBXFileReference section */
		A20000000000000000000001 /* IPhoneRecorderApp.swift */ = {isa = PBXFileReference; lastKnownFileType = sourcecode.swift; path = IPhoneRecorderApp.swift; sourceTree = "<group>"; };
		A20000000000000000000002 /* ContentView.swift */ = {isa = PBXFileReference; lastKnownFileType = sourcecode.swift; path = ContentView.swift; sourceTree = "<group>"; };
		A20000000000000000000003 /* CameraPreviewView.swift */ = {isa = PBXFileReference; lastKnownFileType = sourcecode.swift; path = CameraPreviewView.swift; sourceTree = "<group>"; };
		A20000000000000000000004 /* RecordingCoordinator.swift */ = {isa = PBXFileReference; lastKnownFileType = sourcecode.swift; path = RecordingCoordinator.swift; sourceTree = "<group>"; };
		A20000000000000000000005 /* CameraRecorder.swift */ = {isa = PBXFileReference; lastKnownFileType = sourcecode.swift; path = CameraRecorder.swift; sourceTree = "<group>"; };
		A20000000000000000000006 /* CaptureCommandServer.swift */ = {isa = PBXFileReference; lastKnownFileType = sourcecode.swift; path = CaptureCommandServer.swift; sourceTree = "<group>"; };
		A20000000000000000000007 /* WatchSessionBridge.swift */ = {isa = PBXFileReference; lastKnownFileType = sourcecode.swift; path = WatchSessionBridge.swift; sourceTree = "<group>"; };
		A20000000000000000000008 /* CaptureCommand.swift */ = {isa = PBXFileReference; lastKnownFileType = sourcecode.swift; path = CaptureCommand.swift; sourceTree = "<group>"; };
		A20000000000000000000009 /* Info.plist */ = {isa = PBXFileReference; lastKnownFileType = text.plist.xml; path = Info.plist; sourceTree = "<group>"; };
		A20000000000000000000010 /* IPhoneRecorderApp.app */ = {isa = PBXFileReference; explicitFileType = wrapper.application; includeInIndex = 0; path = IPhoneRecorderApp.app; sourceTree = BUILT_PRODUCTS_DIR; };
		A2000000000000000000000B /* WatchIMUCSV.swift */ = {isa = PBXFileReference; lastKnownFileType = sourcecode.swift; path = WatchIMUCSV.swift; sourceTree = "<group>"; };
		A20000000000000000000011 /* WatchRecorderApp.swift */ = {isa = PBXFileReference; lastKnownFileType = sourcecode.swift; path = WatchRecorderApp.swift; sourceTree = "<group>"; };
		A20000000000000000000012 /* WatchRecorderView.swift */ = {isa = PBXFileReference; lastKnownFileType = sourcecode.swift; path = WatchRecorderView.swift; sourceTree = "<group>"; };
		A20000000000000000000013 /* WatchConnectivityController.swift */ = {isa = PBXFileReference; lastKnownFileType = sourcecode.swift; path = WatchConnectivityController.swift; sourceTree = "<group>"; };
		A20000000000000000000014 /* WatchIMURecorder.swift */ = {isa = PBXFileReference; lastKnownFileType = sourcecode.swift; path = WatchIMURecorder.swift; sourceTree = "<group>"; };
		A20000000000000000000015 /* WatchRecorderApp.app */ = {isa = PBXFileReference; explicitFileType = wrapper.application; includeInIndex = 0; path = WatchRecorderApp.app; sourceTree = BUILT_PRODUCTS_DIR; };
		A20000000000000000000016 /* Info.plist */ = {isa = PBXFileReference; lastKnownFileType = text.plist.xml; path = Info.plist; sourceTree = "<group>"; };
/* End PBXFileReference section */

/* Begin PBXFrameworksBuildPhase section */
		A30000000000000000000001 /* Frameworks */ = {
			isa = PBXFrameworksBuildPhase;
			buildActionMask = 2147483647;
			files = (
			);
			runOnlyForDeploymentPostprocessing = 0;
		};
		A30000000000000000000002 /* Frameworks */ = {
			isa = PBXFrameworksBuildPhase;
			buildActionMask = 2147483647;
			files = (
			);
			runOnlyForDeploymentPostprocessing = 0;
		};
/* End PBXFrameworksBuildPhase section */

/* Begin PBXGroup section */
		A40000000000000000000001 = {
			isa = PBXGroup;
				children = (
					A40000000000000000000002 /* IPhoneRecorderApp */,
					A40000000000000000000005 /* WatchRecorderApp */,
					A40000000000000000000003 /* Sources/CaptureCore */,
					A40000000000000000000004 /* Products */,
				);
			sourceTree = "<group>";
		};
		A40000000000000000000002 /* IPhoneRecorderApp */ = {
			isa = PBXGroup;
			children = (
				A20000000000000000000001 /* IPhoneRecorderApp.swift */,
				A20000000000000000000002 /* ContentView.swift */,
				A20000000000000000000003 /* CameraPreviewView.swift */,
				A20000000000000000000004 /* RecordingCoordinator.swift */,
				A20000000000000000000005 /* CameraRecorder.swift */,
				A20000000000000000000006 /* CaptureCommandServer.swift */,
				A20000000000000000000007 /* WatchSessionBridge.swift */,
				A20000000000000000000009 /* Info.plist */,
			);
			path = IPhoneRecorderApp;
			sourceTree = "<group>";
		};
		A40000000000000000000003 /* Sources/CaptureCore */ = {
			isa = PBXGroup;
			children = (
				A20000000000000000000008 /* CaptureCommand.swift */,
				A2000000000000000000000B /* WatchIMUCSV.swift */,
			);
			path = Sources/CaptureCore;
			sourceTree = "<group>";
		};
		A40000000000000000000004 /* Products */ = {
			isa = PBXGroup;
			children = (
				A20000000000000000000010 /* IPhoneRecorderApp.app */,
				A20000000000000000000015 /* WatchRecorderApp.app */,
			);
			name = Products;
			sourceTree = "<group>";
		};
		A40000000000000000000005 /* WatchRecorderApp */ = {
			isa = PBXGroup;
			children = (
				A20000000000000000000011 /* WatchRecorderApp.swift */,
				A20000000000000000000012 /* WatchRecorderView.swift */,
				A20000000000000000000013 /* WatchConnectivityController.swift */,
				A20000000000000000000014 /* WatchIMURecorder.swift */,
				A20000000000000000000016 /* Info.plist */,
			);
			path = WatchRecorderApp;
			sourceTree = "<group>";
		};
/* End PBXGroup section */

/* Begin PBXNativeTarget section */
		A50000000000000000000001 /* IPhoneRecorderApp */ = {
			isa = PBXNativeTarget;
			buildConfigurationList = A90000000000000000000002 /* Build configuration list for PBXNativeTarget "IPhoneRecorderApp" */;
			buildPhases = (
				A70000000000000000000001 /* Sources */,
				A30000000000000000000001 /* Frameworks */,
				A80000000000000000000001 /* Resources */,
				A81000000000000000000001 /* Embed Watch Content */,
			);
			buildRules = (
			);
			dependencies = (
				A52000000000000000000001 /* PBXTargetDependency */,
			);
			name = IPhoneRecorderApp;
			productName = IPhoneRecorderApp;
			productReference = A20000000000000000000010 /* IPhoneRecorderApp.app */;
			productType = "com.apple.product-type.application";
		};
		A50000000000000000000002 /* WatchRecorderApp */ = {
			isa = PBXNativeTarget;
			buildConfigurationList = A90000000000000000000009 /* Build configuration list for PBXNativeTarget "WatchRecorderApp" */;
			buildPhases = (
				A70000000000000000000002 /* Sources */,
				A30000000000000000000002 /* Frameworks */,
				A80000000000000000000002 /* Resources */,
			);
			buildRules = (
			);
			dependencies = (
			);
			name = WatchRecorderApp;
			productName = WatchRecorderApp;
			productReference = A20000000000000000000015 /* WatchRecorderApp.app */;
			productType = "com.apple.product-type.application";
		};
/* End PBXNativeTarget section */

/* Begin PBXProject section */
		A60000000000000000000001 /* Project object */ = {
			isa = PBXProject;
			attributes = {
				BuildIndependentTargetsInParallel = 1;
				LastSwiftUpdateCheck = 2605;
				LastUpgradeCheck = 2605;
				TargetAttributes = {
					A50000000000000000000001 = {
						CreatedOnToolsVersion = 26.5;
					};
					A50000000000000000000002 = {
						CreatedOnToolsVersion = 26.5;
					};
				};
			};
			buildConfigurationList = A90000000000000000000001 /* Build configuration list for PBXProject "IPhoneRecorderApp" */;
			compatibilityVersion = "Xcode 14.0";
			developmentRegion = en;
			hasScannedForEncodings = 0;
			knownRegions = (
				en,
				Base,
			);
			mainGroup = A40000000000000000000001;
			productRefGroup = A40000000000000000000004 /* Products */;
			projectDirPath = "";
			projectRoot = "";
			targets = (
				A50000000000000000000001 /* IPhoneRecorderApp */,
				A50000000000000000000002 /* WatchRecorderApp */,
			);
		};
/* End PBXProject section */

/* Begin PBXResourcesBuildPhase section */
		A80000000000000000000001 /* Resources */ = {
			isa = PBXResourcesBuildPhase;
			buildActionMask = 2147483647;
			files = (
			);
			runOnlyForDeploymentPostprocessing = 0;
		};
		A80000000000000000000002 /* Resources */ = {
			isa = PBXResourcesBuildPhase;
			buildActionMask = 2147483647;
			files = (
			);
			runOnlyForDeploymentPostprocessing = 0;
		};
/* End PBXResourcesBuildPhase section */

/* Begin PBXSourcesBuildPhase section */
		A70000000000000000000001 /* Sources */ = {
			isa = PBXSourcesBuildPhase;
			buildActionMask = 2147483647;
			files = (
				A10000000000000000000001 /* IPhoneRecorderApp.swift in Sources */,
				A10000000000000000000002 /* ContentView.swift in Sources */,
				A10000000000000000000003 /* CameraPreviewView.swift in Sources */,
				A10000000000000000000004 /* RecordingCoordinator.swift in Sources */,
				A10000000000000000000005 /* CameraRecorder.swift in Sources */,
				A10000000000000000000006 /* CaptureCommandServer.swift in Sources */,
				A10000000000000000000007 /* WatchSessionBridge.swift in Sources */,
				A10000000000000000000008 /* CaptureCommand.swift in Sources */,
			);
			runOnlyForDeploymentPostprocessing = 0;
		};
		A70000000000000000000002 /* Sources */ = {
			isa = PBXSourcesBuildPhase;
			buildActionMask = 2147483647;
			files = (
				A10000000000000000000009 /* WatchRecorderApp.swift in Sources */,
				A1000000000000000000000A /* WatchRecorderView.swift in Sources */,
				A1000000000000000000000B /* WatchConnectivityController.swift in Sources */,
				A1000000000000000000000C /* WatchIMURecorder.swift in Sources */,
				A1000000000000000000000D /* WatchIMUCSV.swift in Sources */,
			);
			runOnlyForDeploymentPostprocessing = 0;
		};
/* End PBXSourcesBuildPhase section */

/* Begin PBXTargetDependency section */
		A52000000000000000000001 /* PBXTargetDependency */ = {
			isa = PBXTargetDependency;
			target = A50000000000000000000002 /* WatchRecorderApp */;
			targetProxy = A51000000000000000000001 /* PBXContainerItemProxy */;
		};
/* End PBXTargetDependency section */

/* Begin XCBuildConfiguration section */
		A90000000000000000000003 /* Debug */ = {
			isa = XCBuildConfiguration;
			buildSettings = {
				ALWAYS_SEARCH_USER_PATHS = NO;
				CLANG_ANALYZER_NONNULL = YES;
				CLANG_ANALYZER_NUMBER_OBJECT_CONVERSION = YES_AGGRESSIVE;
				CLANG_CXX_LANGUAGE_STANDARD = "gnu++20";
				CLANG_ENABLE_MODULES = YES;
				CLANG_ENABLE_OBJC_ARC = YES;
				CLANG_ENABLE_OBJC_WEAK = YES;
				CLANG_WARN_BLOCK_CAPTURE_AUTORELEASING = YES;
				CLANG_WARN_BOOL_CONVERSION = YES;
				CLANG_WARN_COMMA = YES;
				CLANG_WARN_CONSTANT_CONVERSION = YES;
				CLANG_WARN_DEPRECATED_OBJC_IMPLEMENTATIONS = YES;
				CLANG_WARN_DIRECT_OBJC_ISA_USAGE = YES_ERROR;
				CLANG_WARN_DOCUMENTATION_COMMENTS = YES;
				CLANG_WARN_EMPTY_BODY = YES;
				CLANG_WARN_ENUM_CONVERSION = YES;
				CLANG_WARN_INFINITE_RECURSION = YES;
				CLANG_WARN_INT_CONVERSION = YES;
				CLANG_WARN_NON_LITERAL_NULL_CONVERSION = YES;
				CLANG_WARN_OBJC_IMPLICIT_RETAIN_SELF = YES;
				CLANG_WARN_OBJC_LITERAL_CONVERSION = YES;
				CLANG_WARN_OBJC_ROOT_CLASS = YES_ERROR;
				CLANG_WARN_QUOTED_INCLUDE_IN_FRAMEWORK_HEADER = YES;
				CLANG_WARN_RANGE_LOOP_ANALYSIS = YES;
				CLANG_WARN_STRICT_PROTOTYPES = YES;
				CLANG_WARN_SUSPICIOUS_MOVE = YES;
				CLANG_WARN_UNGUARDED_AVAILABILITY = YES_AGGRESSIVE;
				CLANG_WARN_UNREACHABLE_CODE = YES;
				CLANG_WARN__DUPLICATE_METHOD_MATCH = YES;
				COPY_PHASE_STRIP = NO;
				DEBUG_INFORMATION_FORMAT = dwarf;
				ENABLE_STRICT_OBJC_MSGSEND = YES;
				ENABLE_TESTABILITY = YES;
				GCC_C_LANGUAGE_STANDARD = gnu17;
				GCC_DYNAMIC_NO_PIC = NO;
				GCC_NO_COMMON_BLOCKS = YES;
				GCC_OPTIMIZATION_LEVEL = 0;
				GCC_PREPROCESSOR_DEFINITIONS = (
					"DEBUG=1",
					"$(inherited)",
				);
				GCC_WARN_64_TO_32_BIT_CONVERSION = YES;
				GCC_WARN_ABOUT_RETURN_TYPE = YES_ERROR;
				GCC_WARN_UNDECLARED_SELECTOR = YES;
				GCC_WARN_UNINITIALIZED_AUTOS = YES_AGGRESSIVE;
				GCC_WARN_UNUSED_FUNCTION = YES;
				GCC_WARN_UNUSED_VARIABLE = YES;
				IPHONEOS_DEPLOYMENT_TARGET = 17.0;
				MTL_ENABLE_DEBUG_INFO = INCLUDE_SOURCE;
				MTL_FAST_MATH = YES;
				ONLY_ACTIVE_ARCH = YES;
				SDKROOT = iphoneos;
				SWIFT_ACTIVE_COMPILATION_CONDITIONS = DEBUG;
				SWIFT_OPTIMIZATION_LEVEL = "-Onone";
				SWIFT_VERSION = 6.0;
			};
			name = Debug;
		};
		A90000000000000000000004 /* Release */ = {
			isa = XCBuildConfiguration;
			buildSettings = {
				ALWAYS_SEARCH_USER_PATHS = NO;
				CLANG_ANALYZER_NONNULL = YES;
				CLANG_ANALYZER_NUMBER_OBJECT_CONVERSION = YES_AGGRESSIVE;
				CLANG_CXX_LANGUAGE_STANDARD = "gnu++20";
				CLANG_ENABLE_MODULES = YES;
				CLANG_ENABLE_OBJC_ARC = YES;
				CLANG_ENABLE_OBJC_WEAK = YES;
				CLANG_WARN_BLOCK_CAPTURE_AUTORELEASING = YES;
				CLANG_WARN_BOOL_CONVERSION = YES;
				CLANG_WARN_COMMA = YES;
				CLANG_WARN_CONSTANT_CONVERSION = YES;
				CLANG_WARN_DEPRECATED_OBJC_IMPLEMENTATIONS = YES;
				CLANG_WARN_DIRECT_OBJC_ISA_USAGE = YES_ERROR;
				CLANG_WARN_DOCUMENTATION_COMMENTS = YES;
				CLANG_WARN_EMPTY_BODY = YES;
				CLANG_WARN_ENUM_CONVERSION = YES;
				CLANG_WARN_INFINITE_RECURSION = YES;
				CLANG_WARN_INT_CONVERSION = YES;
				CLANG_WARN_NON_LITERAL_NULL_CONVERSION = YES;
				CLANG_WARN_OBJC_IMPLICIT_RETAIN_SELF = YES;
				CLANG_WARN_OBJC_LITERAL_CONVERSION = YES;
				CLANG_WARN_OBJC_ROOT_CLASS = YES_ERROR;
				CLANG_WARN_QUOTED_INCLUDE_IN_FRAMEWORK_HEADER = YES;
				CLANG_WARN_RANGE_LOOP_ANALYSIS = YES;
				CLANG_WARN_STRICT_PROTOTYPES = YES;
				CLANG_WARN_SUSPICIOUS_MOVE = YES;
				CLANG_WARN_UNGUARDED_AVAILABILITY = YES_AGGRESSIVE;
				CLANG_WARN_UNREACHABLE_CODE = YES;
				CLANG_WARN__DUPLICATE_METHOD_MATCH = YES;
				COPY_PHASE_STRIP = NO;
				DEBUG_INFORMATION_FORMAT = "dwarf-with-dsym";
				ENABLE_NS_ASSERTIONS = NO;
				ENABLE_STRICT_OBJC_MSGSEND = YES;
				GCC_C_LANGUAGE_STANDARD = gnu17;
				GCC_NO_COMMON_BLOCKS = YES;
				GCC_WARN_64_TO_32_BIT_CONVERSION = YES;
				GCC_WARN_ABOUT_RETURN_TYPE = YES_ERROR;
				GCC_WARN_UNDECLARED_SELECTOR = YES;
				GCC_WARN_UNINITIALIZED_AUTOS = YES_AGGRESSIVE;
				GCC_WARN_UNUSED_FUNCTION = YES;
				GCC_WARN_UNUSED_VARIABLE = YES;
				IPHONEOS_DEPLOYMENT_TARGET = 17.0;
				MTL_ENABLE_DEBUG_INFO = NO;
				MTL_FAST_MATH = YES;
				SDKROOT = iphoneos;
				SWIFT_COMPILATION_MODE = wholemodule;
				SWIFT_OPTIMIZATION_LEVEL = "-O";
				SWIFT_VERSION = 6.0;
				VALIDATE_PRODUCT = YES;
			};
			name = Release;
		};
		A90000000000000000000005 /* Debug */ = {
			isa = XCBuildConfiguration;
			buildSettings = {
				ASSETCATALOG_COMPILER_GLOBAL_ACCENT_COLOR_NAME = AccentColor;
				CODE_SIGN_STYLE = Automatic;
				CURRENT_PROJECT_VERSION = 1;
				DEVELOPMENT_ASSET_PATHS = "";
				DEVELOPMENT_TEAM = 5LNC6MMF89;
				ENABLE_PREVIEWS = YES;
				GENERATE_INFOPLIST_FILE = NO;
				INFOPLIST_FILE = IPhoneRecorderApp/Info.plist;
				IPHONEOS_DEPLOYMENT_TARGET = 17.0;
				LD_RUNPATH_SEARCH_PATHS = (
					"$(inherited)",
					"@executable_path/Frameworks",
				);
				MARKETING_VERSION = 0.1.0;
				PRODUCT_BUNDLE_IDENTIFIER = app.mediapipe.IPhoneRecorderApp;
				PRODUCT_NAME = "$(TARGET_NAME)";
				SDKROOT = iphoneos;
				SUPPORTED_PLATFORMS = "iphoneos iphonesimulator";
				SWIFT_EMIT_LOC_STRINGS = YES;
				SWIFT_VERSION = 6.0;
				TARGETED_DEVICE_FAMILY = 1;
			};
			name = Debug;
		};
		A90000000000000000000006 /* Release */ = {
			isa = XCBuildConfiguration;
			buildSettings = {
				ASSETCATALOG_COMPILER_GLOBAL_ACCENT_COLOR_NAME = AccentColor;
				CODE_SIGN_STYLE = Automatic;
				CURRENT_PROJECT_VERSION = 1;
				DEVELOPMENT_ASSET_PATHS = "";
				DEVELOPMENT_TEAM = 5LNC6MMF89;
				ENABLE_PREVIEWS = YES;
				GENERATE_INFOPLIST_FILE = NO;
				INFOPLIST_FILE = IPhoneRecorderApp/Info.plist;
				IPHONEOS_DEPLOYMENT_TARGET = 17.0;
				LD_RUNPATH_SEARCH_PATHS = (
					"$(inherited)",
					"@executable_path/Frameworks",
				);
				MARKETING_VERSION = 0.1.0;
				PRODUCT_BUNDLE_IDENTIFIER = app.mediapipe.IPhoneRecorderApp;
				PRODUCT_NAME = "$(TARGET_NAME)";
				SDKROOT = iphoneos;
				SUPPORTED_PLATFORMS = "iphoneos iphonesimulator";
				SWIFT_EMIT_LOC_STRINGS = YES;
				SWIFT_VERSION = 6.0;
				TARGETED_DEVICE_FAMILY = 1;
				VALIDATE_PRODUCT = YES;
			};
			name = Release;
		};
		A90000000000000000000007 /* Debug */ = {
			isa = XCBuildConfiguration;
			buildSettings = {
				ASSETCATALOG_COMPILER_GLOBAL_ACCENT_COLOR_NAME = AccentColor;
				CODE_SIGN_STYLE = Automatic;
				CURRENT_PROJECT_VERSION = 1;
				DEVELOPMENT_ASSET_PATHS = "";
				DEVELOPMENT_TEAM = 5LNC6MMF89;
				ENABLE_PREVIEWS = YES;
				GENERATE_INFOPLIST_FILE = NO;
				INFOPLIST_FILE = WatchRecorderApp/Info.plist;
				LD_RUNPATH_SEARCH_PATHS = (
					"$(inherited)",
					"@executable_path/Frameworks",
				);
				MARKETING_VERSION = 0.1.0;
				PRODUCT_BUNDLE_IDENTIFIER = app.mediapipe.IPhoneRecorderApp.watchkitapp;
				PRODUCT_NAME = "$(TARGET_NAME)";
				SDKROOT = watchos;
				SKIP_INSTALL = YES;
				SUPPORTED_PLATFORMS = "watchos watchsimulator";
				SWIFT_EMIT_LOC_STRINGS = YES;
				SWIFT_VERSION = 6.0;
				TARGETED_DEVICE_FAMILY = 4;
				WATCHOS_DEPLOYMENT_TARGET = 10.0;
			};
			name = Debug;
		};
		A90000000000000000000008 /* Release */ = {
			isa = XCBuildConfiguration;
			buildSettings = {
				ASSETCATALOG_COMPILER_GLOBAL_ACCENT_COLOR_NAME = AccentColor;
				CODE_SIGN_STYLE = Automatic;
				CURRENT_PROJECT_VERSION = 1;
				DEVELOPMENT_ASSET_PATHS = "";
				DEVELOPMENT_TEAM = 5LNC6MMF89;
				ENABLE_PREVIEWS = YES;
				GENERATE_INFOPLIST_FILE = NO;
				INFOPLIST_FILE = WatchRecorderApp/Info.plist;
				LD_RUNPATH_SEARCH_PATHS = (
					"$(inherited)",
					"@executable_path/Frameworks",
				);
				MARKETING_VERSION = 0.1.0;
				PRODUCT_BUNDLE_IDENTIFIER = app.mediapipe.IPhoneRecorderApp.watchkitapp;
				PRODUCT_NAME = "$(TARGET_NAME)";
				SDKROOT = watchos;
				SKIP_INSTALL = YES;
				SUPPORTED_PLATFORMS = "watchos watchsimulator";
				SWIFT_EMIT_LOC_STRINGS = YES;
				SWIFT_VERSION = 6.0;
				TARGETED_DEVICE_FAMILY = 4;
				VALIDATE_PRODUCT = YES;
				WATCHOS_DEPLOYMENT_TARGET = 10.0;
			};
			name = Release;
		};
/* End XCBuildConfiguration section */

/* Begin XCConfigurationList section */
		A90000000000000000000001 /* Build configuration list for PBXProject "IPhoneRecorderApp" */ = {
			isa = XCConfigurationList;
			buildConfigurations = (
				A90000000000000000000003 /* Debug */,
				A90000000000000000000004 /* Release */,
			);
			defaultConfigurationIsVisible = 0;
			defaultConfigurationName = Release;
		};
		A90000000000000000000002 /* Build configuration list for PBXNativeTarget "IPhoneRecorderApp" */ = {
			isa = XCConfigurationList;
			buildConfigurations = (
				A90000000000000000000005 /* Debug */,
				A90000000000000000000006 /* Release */,
			);
			defaultConfigurationIsVisible = 0;
			defaultConfigurationName = Release;
		};
		A90000000000000000000009 /* Build configuration list for PBXNativeTarget "WatchRecorderApp" */ = {
			isa = XCConfigurationList;
			buildConfigurations = (
				A90000000000000000000007 /* Debug */,
				A90000000000000000000008 /* Release */,
			);
			defaultConfigurationIsVisible = 0;
			defaultConfigurationName = Release;
		};
/* End XCConfigurationList section */
	};
	rootObject = A60000000000000000000001 /* Project object */;
}
